
Microsoft Visual Studio Solution File, Format Version 12.00
# Visual Studio Version 17
VisualStudioVersion = 17.9.34728.123
MinimumVisualStudioVersion = 10.0.40219.1
Project("{FAE04EC0-301F-11D3-BF4B-00C04F79EFBC}") = "DetailDock", "DetailDock\DetailDock.csproj", "{CC72B320-5B84-454D-B2B2-1287543EA405}"
EndProject
Global
	GlobalSection(SolutionConfigurationPlatforms) = preSolution
		Debug|Any CPU = Debug|Any CPU
		Release|Any CPU = Release|Any CPU
	EndGlobalSection
	GlobalSection(ProjectConfigurationPlatforms) = postSolution
		{CC72B320-5B84-454D-B2B2-1287543EA405}.Debug|Any CPU.ActiveCfg = Debug|Any CPU
		{CC72B320-5B84-454D-B2B2-1287543EA405}.Debug|Any CPU.Build.0 = Debug|Any CPU
		{CC72B320-5B84-454D-B2B2-1287543EA405}.Release|Any CPU.ActiveCfg = Release|Any CPU
		{CC72B320-5B84-454D-B2B2-1287543EA405}.Release|Any CPU.Build.0 = Release|Any CPU
	EndGlobalSection
	GlobalSection(SolutionProperties) = preSolution
		HideSolutionNode = FALSE
	EndGlobalSection
	GlobalSection(ExtensibilityGlobals) = postSolution
		SolutionGuid = {A73835D9-19E7-457E-B152-575CDC97C5FA}
	EndGlobalSection
EndGlobal
